
Microsoft Visual Studio Solution File, Format Version 12.00
# Visual Studio 15
VisualStudioVersion = 15.0.28010.2036
MinimumVisualStudioVersion = 10.0.40219.1
Project("{9A19103F-16F7-4668-BE54-9A1E7A4F7556}") = "TestProject.SDK.Examples.Web.Addon", "TestProject.SDK.Examples.Web.Addon\Addon\TestProject.SDK.Examples.Web.Addon.csproj", "{08253F1B-66AF-417F-B20F-06B95FFC7478}"
EndProject
Project("{9A19103F-16F7-4668-BE54-9A1E7A4F7556}") = "TestProject.SDK.Examples.Web.Runners.Nunit", "TestProject.SDK.Examples.Web.Addon\Runners\Nunit\TestProject.SDK.Examples.Web.Runners.Nunit.csproj", "{AEC7BE77-A698-4E6B-AAB3-C95E95AE9D87}"
EndProject
Project("{2150E333-8FDC-42A3-9474-1A3956D46DE8}") = "Runners", "Runners", "{0C4DD7F5-0AB1-4090-9050-BC02AD55F361}"
EndProject
Global
	GlobalSection(SolutionConfigurationPlatforms) = preSolution
		Debug|Any CPU = Debug|Any CPU
		Release|Any CPU = Release|Any CPU
	EndGlobalSection
	GlobalSection(ProjectConfigurationPlatforms) = postSolution
		{08253F1B-66AF-417F-B20F-06B95FFC7478}.Debug|Any CPU.ActiveCfg = Debug|Any CPU
		{08253F1B-66AF-417F-B20F-06B95FFC7478}.Debug|Any CPU.Build.0 = Debug|Any CPU
		{08253F1B-66AF-417F-B20F-06B95FFC7478}.Release|Any CPU.ActiveCfg = Release|Any CPU
		{08253F1B-66AF-417F-B20F-06B95FFC7478}.Release|Any CPU.Build.0 = Release|Any CPU
		{AEC7BE77-A698-4E6B-AAB3-C95E95AE9D87}.Debug|Any CPU.ActiveCfg = Debug|Any CPU
		{AEC7BE77-A698-4E6B-AAB3-C95E95AE9D87}.Debug|Any CPU.Build.0 = Debug|Any CPU
		{AEC7BE77-A698-4E6B-AAB3-C95E95AE9D87}.Release|Any CPU.ActiveCfg = Release|Any CPU
		{AEC7BE77-A698-4E6B-AAB3-C95E95AE9D87}.Release|Any CPU.Build.0 = Release|Any CPU
	EndGlobalSection
	GlobalSection(SolutionProperties) = preSolution
		HideSolutionNode = FALSE
	EndGlobalSection
	GlobalSection(NestedProjects) = preSolution
		{AEC7BE77-A698-4E6B-AAB3-C95E95AE9D87} = {0C4DD7F5-0AB1-4090-9050-BC02AD55F361}
	EndGlobalSection
	GlobalSection(ExtensibilityGlobals) = postSolution
		SolutionGuid = {A27A19DB-7FA2-4DB0-B307-AE632814E823}
	EndGlobalSection
EndGlobal
