
Microsoft Visual Studio Solution File, Format Version 12.00
# Visual Studio 15
VisualStudioVersion = 15.0.28010.2036
MinimumVisualStudioVersion = 10.0.40219.1
Project("{9A19103F-16F7-4668-BE54-9A1E7A4F7556}") = "TestProject.SDK.Examples.Android.Addon", "TestProject.SDK.Examples.Android.Addon\Addon\TestProject.SDK.Examples.Android.Addon.csproj", "{5103DA93-7B94-4ECF-92FC-22CD5A942274}"
EndProject
Project("{9A19103F-16F7-4668-BE54-9A1E7A4F7556}") = "TestProject.SDK.Examples.Android.Runners.Nunit", "TestProject.SDK.Examples.Android.Addon\Runners\Nunit\TestProject.SDK.Examples.Android.Runners.Nunit.csproj", "{CBBD23F5-22C4-4CBA-AFEC-397AEF7F701F}"
EndProject
Project("{9A19103F-16F7-4668-BE54-9A1E7A4F7556}") = "TestProject.SDK.Examples.Android.Runners.Console", "TestProject.SDK.Examples.Android.Addon\Runners\Console\TestProject.SDK.Examples.Android.Runners.Console.csproj", "{01620C73-C08C-4FAF-9257-51CA19D42367}"
EndProject
Project("{2150E333-8FDC-42A3-9474-1A3956D46DE8}") = "Runners", "Runners", "{52E105ED-0406-4688-B0DB-39C007446A14}"
EndProject
Global
	GlobalSection(SolutionConfigurationPlatforms) = preSolution
		Debug|Any CPU = Debug|Any CPU
		Release|Any CPU = Release|Any CPU
	EndGlobalSection
	GlobalSection(ProjectConfigurationPlatforms) = postSolution
		{5103DA93-7B94-4ECF-92FC-22CD5A942274}.Debug|Any CPU.ActiveCfg = Debug|Any CPU
		{5103DA93-7B94-4ECF-92FC-22CD5A942274}.Debug|Any CPU.Build.0 = Debug|Any CPU
		{5103DA93-7B94-4ECF-92FC-22CD5A942274}.Release|Any CPU.ActiveCfg = Release|Any CPU
		{5103DA93-7B94-4ECF-92FC-22CD5A942274}.Release|Any CPU.Build.0 = Release|Any CPU
		{CBBD23F5-22C4-4CBA-AFEC-397AEF7F701F}.Debug|Any CPU.ActiveCfg = Debug|Any CPU
		{CBBD23F5-22C4-4CBA-AFEC-397AEF7F701F}.Debug|Any CPU.Build.0 = Debug|Any CPU
		{CBBD23F5-22C4-4CBA-AFEC-397AEF7F701F}.Release|Any CPU.ActiveCfg = Release|Any CPU
		{CBBD23F5-22C4-4CBA-AFEC-397AEF7F701F}.Release|Any CPU.Build.0 = Release|Any CPU
		{01620C73-C08C-4FAF-9257-51CA19D42367}.Debug|Any CPU.ActiveCfg = Debug|Any CPU
		{01620C73-C08C-4FAF-9257-51CA19D42367}.Debug|Any CPU.Build.0 = Debug|Any CPU
		{01620C73-C08C-4FAF-9257-51CA19D42367}.Release|Any CPU.ActiveCfg = Release|Any CPU
		{01620C73-C08C-4FAF-9257-51CA19D42367}.Release|Any CPU.Build.0 = Release|Any CPU
	EndGlobalSection
	GlobalSection(SolutionProperties) = preSolution
		HideSolutionNode = FALSE
	EndGlobalSection
	GlobalSection(NestedProjects) = preSolution
		{CBBD23F5-22C4-4CBA-AFEC-397AEF7F701F} = {52E105ED-0406-4688-B0DB-39C007446A14}
		{01620C73-C08C-4FAF-9257-51CA19D42367} = {52E105ED-0406-4688-B0DB-39C007446A14}
	EndGlobalSection
	GlobalSection(ExtensibilityGlobals) = postSolution
		SolutionGuid = {DF52521F-2940-4DF8-8578-88F73E917B91}
	EndGlobalSection
EndGlobal
